
Microsoft Visual Studio Solution File, Format Version 12.00
# Visual Studio Version 16
VisualStudioVersion = 25.0.1706.9
MinimumVisualStudioVersion = 10.0.40219.1
Project("{FAE04EC0-301F-11D3-BF4B-00C04F79EFBC}") = "bioguardianes_api", "bioguardianes_api\bioguardianes_api.csproj", "{7635C21A-383B-4E0D-A19D-66D810F26EC8}"
EndProject
Global
	GlobalSection(SolutionConfigurationPlatforms) = preSolution
		Debug|Any CPU = Debug|Any CPU
		Release|Any CPU = Release|Any CPU
	EndGlobalSection
	GlobalSection(ProjectConfigurationPlatforms) = postSolution
		{7635C21A-383B-4E0D-A19D-66D810F26EC8}.Debug|Any CPU.ActiveCfg = Debug|Any CPU
		{7635C21A-383B-4E0D-A19D-66D810F26EC8}.Debug|Any CPU.Build.0 = Debug|Any CPU
		{7635C21A-383B-4E0D-A19D-66D810F26EC8}.Release|Any CPU.ActiveCfg = Release|Any CPU
		{7635C21A-383B-4E0D-A19D-66D810F26EC8}.Release|Any CPU.Build.0 = Release|Any CPU
	EndGlobalSection
	GlobalSection(SolutionProperties) = preSolution
		HideSolutionNode = FALSE
	EndGlobalSection
	GlobalSection(ExtensibilityGlobals) = postSolution
		SolutionGuid = {27F66FB9-AD69-467D-B29B-1486FC95C702}
	EndGlobalSection
EndGlobal
